
Microsoft Visual Studio Solution File, Format Version 12.00
# Visual Studio 15
VisualStudioVersion = 15.0.28307.271
MinimumVisualStudioVersion = 10.0.40219.1
Project("{FAE04EC0-301F-11D3-BF4B-00C04F79EFBC}") = "Trafikİsiklari", "Trafikİsiklari\Trafikİsiklari.csproj", "{116EB1A2-A445-46CC-B672-306AAFF59926}"
EndProject
Global
	GlobalSection(SolutionConfigurationPlatforms) = preSolution
		Debug|Any CPU = Debug|Any CPU
		Release|Any CPU = Release|Any CPU
	EndGlobalSection
	GlobalSection(ProjectConfigurationPlatforms) = postSolution
		{116EB1A2-A445-46CC-B672-306AAFF59926}.Debug|Any CPU.ActiveCfg = Debug|Any CPU
		{116EB1A2-A445-46CC-B672-306AAFF59926}.Debug|Any CPU.Build.0 = Debug|Any CPU
		{116EB1A2-A445-46CC-B672-306AAFF59926}.Release|Any CPU.ActiveCfg = Release|Any CPU
		{116EB1A2-A445-46CC-B672-306AAFF59926}.Release|Any CPU.Build.0 = Release|Any CPU
	EndGlobalSection
	GlobalSection(SolutionProperties) = preSolution
		HideSolutionNode = FALSE
	EndGlobalSection
	GlobalSection(ExtensibilityGlobals) = postSolution
		SolutionGuid = {DA8EC45D-9E8E-4D09-918E-88CDC912374C}
	EndGlobalSection
EndGlobal
