
Microsoft Visual Studio Solution File, Format Version 12.00
# Visual Studio 15
VisualStudioVersion = 15.0.28307.271
MinimumVisualStudioVersion = 10.0.40219.1
Project("{FAE04EC0-301F-11D3-BF4B-00C04F79EFBC}") = "MeyveToplama", "MeyveToplama\MeyveToplama.csproj", "{1BBA0FFD-16EF-40B8-817C-0BEAD848CBC5}"
EndProject
Global
	GlobalSection(SolutionConfigurationPlatforms) = preSolution
		Debug|Any CPU = Debug|Any CPU
		Release|Any CPU = Release|Any CPU
	EndGlobalSection
	GlobalSection(ProjectConfigurationPlatforms) = postSolution
		{1BBA0FFD-16EF-40B8-817C-0BEAD848CBC5}.Debug|Any CPU.ActiveCfg = Debug|Any CPU
		{1BBA0FFD-16EF-40B8-817C-0BEAD848CBC5}.Debug|Any CPU.Build.0 = Debug|Any CPU
		{1BBA0FFD-16EF-40B8-817C-0BEAD848CBC5}.Release|Any CPU.ActiveCfg = Release|Any CPU
		{1BBA0FFD-16EF-40B8-817C-0BEAD848CBC5}.Release|Any CPU.Build.0 = Release|Any CPU
	EndGlobalSection
	GlobalSection(SolutionProperties) = preSolution
		HideSolutionNode = FALSE
	EndGlobalSection
	GlobalSection(ExtensibilityGlobals) = postSolution
		SolutionGuid = {A21134DE-EA4F-4D2E-9255-F0087A51C41A}
	EndGlobalSection
EndGlobal
