
Microsoft Visual Studio Solution File, Format Version 12.00
# Visual Studio 15
VisualStudioVersion = 15.0.28307.271
MinimumVisualStudioVersion = 10.0.40219.1
Project("{FAE04EC0-301F-11D3-BF4B-00C04F79EFBC}") = "Futbol", "Futbol\Futbol.csproj", "{E74E196B-8CE4-4FD9-9E07-4D8279378639}"
EndProject
Global
	GlobalSection(SolutionConfigurationPlatforms) = preSolution
		Debug|Any CPU = Debug|Any CPU
		Release|Any CPU = Release|Any CPU
	EndGlobalSection
	GlobalSection(ProjectConfigurationPlatforms) = postSolution
		{E74E196B-8CE4-4FD9-9E07-4D8279378639}.Debug|Any CPU.ActiveCfg = Debug|Any CPU
		{E74E196B-8CE4-4FD9-9E07-4D8279378639}.Debug|Any CPU.Build.0 = Debug|Any CPU
		{E74E196B-8CE4-4FD9-9E07-4D8279378639}.Release|Any CPU.ActiveCfg = Release|Any CPU
		{E74E196B-8CE4-4FD9-9E07-4D8279378639}.Release|Any CPU.Build.0 = Release|Any CPU
	EndGlobalSection
	GlobalSection(SolutionProperties) = preSolution
		HideSolutionNode = FALSE
	EndGlobalSection
	GlobalSection(ExtensibilityGlobals) = postSolution
		SolutionGuid = {8BC32BCD-B55B-4783-B2DC-36FD5DBCB6C1}
	EndGlobalSection
EndGlobal
