
Microsoft Visual Studio Solution File, Format Version 12.00
# Visual Studio 15
VisualStudioVersion = 15.0.28307.271
MinimumVisualStudioVersion = 10.0.40219.1
Project("{FAE04EC0-301F-11D3-BF4B-00C04F79EFBC}") = "OkulPuanHesaplama", "OkulPuanHesaplama\OkulPuanHesaplama.csproj", "{74308192-703C-4548-9911-5E19228E87FA}"
EndProject
Global
	GlobalSection(SolutionConfigurationPlatforms) = preSolution
		Debug|Any CPU = Debug|Any CPU
		Release|Any CPU = Release|Any CPU
	EndGlobalSection
	GlobalSection(ProjectConfigurationPlatforms) = postSolution
		{74308192-703C-4548-9911-5E19228E87FA}.Debug|Any CPU.ActiveCfg = Debug|Any CPU
		{74308192-703C-4548-9911-5E19228E87FA}.Debug|Any CPU.Build.0 = Debug|Any CPU
		{74308192-703C-4548-9911-5E19228E87FA}.Release|Any CPU.ActiveCfg = Release|Any CPU
		{74308192-703C-4548-9911-5E19228E87FA}.Release|Any CPU.Build.0 = Release|Any CPU
	EndGlobalSection
	GlobalSection(SolutionProperties) = preSolution
		HideSolutionNode = FALSE
	EndGlobalSection
	GlobalSection(ExtensibilityGlobals) = postSolution
		SolutionGuid = {F13CB6C8-FAC5-44B7-A60D-810BFC1FBAD8}
	EndGlobalSection
EndGlobal
