
Microsoft Visual Studio Solution File, Format Version 12.00
# Visual Studio 15
VisualStudioVersion = 15.0.28307.271
MinimumVisualStudioVersion = 10.0.40219.1
Project("{FAE04EC0-301F-11D3-BF4B-00C04F79EFBC}") = "BalıkAvı", "BalıkAvı\BalıkAvı.csproj", "{C5A503AB-647B-4593-9D6F-FF7B5C494E9C}"
EndProject
Global
	GlobalSection(SolutionConfigurationPlatforms) = preSolution
		Debug|Any CPU = Debug|Any CPU
		Release|Any CPU = Release|Any CPU
	EndGlobalSection
	GlobalSection(ProjectConfigurationPlatforms) = postSolution
		{C5A503AB-647B-4593-9D6F-FF7B5C494E9C}.Debug|Any CPU.ActiveCfg = Debug|Any CPU
		{C5A503AB-647B-4593-9D6F-FF7B5C494E9C}.Debug|Any CPU.Build.0 = Debug|Any CPU
		{C5A503AB-647B-4593-9D6F-FF7B5C494E9C}.Release|Any CPU.ActiveCfg = Release|Any CPU
		{C5A503AB-647B-4593-9D6F-FF7B5C494E9C}.Release|Any CPU.Build.0 = Release|Any CPU
	EndGlobalSection
	GlobalSection(SolutionProperties) = preSolution
		HideSolutionNode = FALSE
	EndGlobalSection
	GlobalSection(ExtensibilityGlobals) = postSolution
		SolutionGuid = {F4A375BE-55F5-483B-A87B-9753008C800E}
	EndGlobalSection
EndGlobal
